<?xml version="1.0" encoding="utf-8"?>
<Project ToolsVersion="4.0" xmlns="http://schemas.microsoft.com/developer/msbuild/2003">
  <ItemGroup>
    <Filter Include="源文件">
      <UniqueIdentifier>{4FC737F1-C7A5-4376-A066-2A32D752A2FF}</UniqueIdentifier>
      <Extensions>cpp;c;cc;cxx;c++;cppm;ixx;def;odl;idl;hpj;bat;asm;asmx</Extensions>
    </Filter>
    <Filter Include="头文件">
      <UniqueIdentifier>{93995380-89BD-4b04-88EB-625FBE52EBFB}</UniqueIdentifier>
      <Extensions>h;hh;hpp;hxx;h++;hm;inl;inc;ipp;xsd</Extensions>
    </Filter>
    <Filter Include="资源文件">
      <UniqueIdentifier>{67DA6AB6-F800-4c08-8B7A-83BB121AAD01}</UniqueIdentifier>
      <Extensions>rc;ico;cur;bmp;dlg;rc2;rct;bin;rgs;gif;jpg;jpeg;jpe;resx;tiff;tif;png;wav;mfcribbon-ms</Extensions>
    </Filter>
    <Filter Include="头文件\basic">
      <UniqueIdentifier>{a08ffdfc-119a-4623-8b6b-79fec321f082}</UniqueIdentifier>
    </Filter>
    <Filter Include="头文件\dataType">
      <UniqueIdentifier>{bc2e6308-3a49-48ad-be3b-8394d8cfff65}</UniqueIdentifier>
    </Filter>
    <Filter Include="头文件\function">
      <UniqueIdentifier>{3237be6f-2ccb-4974-8115-7aeaa20424b5}</UniqueIdentifier>
    </Filter>
  </ItemGroup>
  <ItemGroup>
    <ClCompile Include="main.cpp">
      <Filter>源文件</Filter>
    </ClCompile>
    <ClCompile Include="function\link.c">
      <Filter>头文件\function</Filter>
    </ClCompile>
  </ItemGroup>
  <ItemGroup>
    <ClInclude Include="datatype\datatype.hpp">
      <Filter>头文件\dataType</Filter>
    </ClInclude>
    <ClInclude Include="datatype\enumtype.hpp">
      <Filter>头文件\dataType</Filter>
    </ClInclude>
    <ClInclude Include="datatype\structtype.hpp">
      <Filter>头文件\dataType</Filter>
    </ClInclude>
    <ClInclude Include="datatype\uniontype.hpp">
      <Filter>头文件\dataType</Filter>
    </ClInclude>
    <ClInclude Include="datatype\voidtype.hpp">
      <Filter>头文件\dataType</Filter>
    </ClInclude>
    <ClInclude Include="basic\const.hpp">
      <Filter>头文件\basic</Filter>
    </ClInclude>
    <ClInclude Include="basic\constcast.hpp">
      <Filter>头文件\basic</Filter>
    </ClInclude>
    <ClInclude Include="basic\define.h">
      <Filter>头文件\basic</Filter>
    </ClInclude>
    <ClInclude Include="basic\explicit.hpp">
      <Filter>头文件\basic</Filter>
    </ClInclude>
    <ClInclude Include="basic\laboratory_pack.hpp">
      <Filter>头文件\basic</Filter>
    </ClInclude>
    <ClInclude Include="basic\linkoperate.hpp">
      <Filter>头文件\basic</Filter>
    </ClInclude>
    <ClInclude Include="basic\logic.hpp">
      <Filter>头文件\basic</Filter>
    </ClInclude>
    <ClInclude Include="basic\macro.hpp">
      <Filter>头文件\basic</Filter>
    </ClInclude>
    <ClInclude Include="basic\mutable.hpp">
      <Filter>头文件\basic</Filter>
    </ClInclude>
    <ClInclude Include="basic\namespace.hpp">
      <Filter>头文件\basic</Filter>
    </ClInclude>
    <ClInclude Include="basic\namespace_1.hpp">
      <Filter>头文件\basic</Filter>
    </ClInclude>
    <ClInclude Include="basic\reference.hpp">
      <Filter>头文件\basic</Filter>
    </ClInclude>
    <ClInclude Include="basic\sizeof.hpp">
      <Filter>头文件\basic</Filter>
    </ClInclude>
    <ClInclude Include="basic\string.hpp">
      <Filter>头文件\basic</Filter>
    </ClInclude>
    <ClInclude Include="basic\typedef.hpp">
      <Filter>头文件\basic</Filter>
    </ClInclude>
    <ClInclude Include="basic\volatile.hpp">
      <Filter>头文件\basic</Filter>
    </ClInclude>
    <ClInclude Include="datatype\typeconver.hpp">
      <Filter>头文件\dataType</Filter>
    </ClInclude>
    <ClInclude Include="datatype\declare.hpp">
      <Filter>头文件\dataType</Filter>
    </ClInclude>
    <ClInclude Include="callmethod.hpp">
      <Filter>头文件\dataType</Filter>
    </ClInclude>
    <ClInclude Include="function\callmethod.hpp">
      <Filter>头文件\function</Filter>
    </ClInclude>
    <ClInclude Include="function\defaultarguments.hpp">
      <Filter>头文件\function</Filter>
    </ClInclude>
    <ClInclude Include="function\vafunction.hpp">
      <Filter>头文件\function</Filter>
    </ClInclude>
    <ClInclude Include="function\functionpointer.hpp">
      <Filter>头文件\function</Filter>
    </ClInclude>
    <ClInclude Include="function\link.hpp">
      <Filter>头文件\function</Filter>
    </ClInclude>
    <ClInclude Include="function\link.h">
      <Filter>头文件</Filter>
    </ClInclude>
  </ItemGroup>
</Project>